
Microsoft Visual Studio Solution File, Format Version 12.00
# Visual Studio Version 16
VisualStudioVersion = 16.0.31515.178
MinimumVisualStudioVersion = 10.0.40219.1
Project("{FAE04EC0-301F-11D3-BF4B-00C04F79EFBC}") = "aws-sdk-console-app-v0.1", "aws-sdk-console-app-v0.1\aws-sdk-console-app-v0.1.csproj", "{C32B03F4-4B5C-426D-8A97-4E5993532179}"
EndProject
Global
	GlobalSection(SolutionConfigurationPlatforms) = preSolution
		Debug|Any CPU = Debug|Any CPU
		Release|Any CPU = Release|Any CPU
	EndGlobalSection
	GlobalSection(ProjectConfigurationPlatforms) = postSolution
		{C32B03F4-4B5C-426D-8A97-4E5993532179}.Debug|Any CPU.ActiveCfg = Debug|Any CPU
		{C32B03F4-4B5C-426D-8A97-4E5993532179}.Debug|Any CPU.Build.0 = Debug|Any CPU
		{C32B03F4-4B5C-426D-8A97-4E5993532179}.Release|Any CPU.ActiveCfg = Release|Any CPU
		{C32B03F4-4B5C-426D-8A97-4E5993532179}.Release|Any CPU.Build.0 = Release|Any CPU
	EndGlobalSection
	GlobalSection(SolutionProperties) = preSolution
		HideSolutionNode = FALSE
	EndGlobalSection
	GlobalSection(ExtensibilityGlobals) = postSolution
		SolutionGuid = {AB226E36-984B-4CD6-9CB4-8A0B4CB6C6E6}
	EndGlobalSection
EndGlobal
